<?xml version="1.0" encoding="utf-8"?>
<Project ToolsVersion="4.0" xmlns="http://schemas.microsoft.com/developer/msbuild/2003">
  <ItemGroup>
    <Filter Include="源文件">
      <UniqueIdentifier>{4FC737F1-C7A5-4376-A066-2A32D752A2FF}</UniqueIdentifier>
      <Extensions>cpp;c;cc;cxx;def;odl;idl;hpj;bat;asm;asmx</Extensions>
    </Filter>
    <Filter Include="头文件">
      <UniqueIdentifier>{93995380-89BD-4b04-88EB-625FBE52EBFB}</UniqueIdentifier>
      <Extensions>h;hpp;hxx;hm;inl;inc;xsd</Extensions>
    </Filter>
    <Filter Include="资源文件">
      <UniqueIdentifier>{67DA6AB6-F800-4c08-8B7A-83BB121AAD01}</UniqueIdentifier>
      <Extensions>rc;ico;cur;bmp;dlg;rc2;rct;bin;rgs;gif;jpg;jpeg;jpe;resx;tiff;tif;png;wav</Extensions>
    </Filter>
  </ItemGroup>
  <ItemGroup>
    <ClCompile Include="..\..\src\SApi.cpp">
      <Filter>源文件</Filter>
    </ClCompile>
    <ClCompile Include="..\..\src\SApplication.cpp">
      <Filter>源文件</Filter>
    </ClCompile>
    <ClCompile Include="..\..\src\SBaseConfig.cpp">
      <Filter>源文件</Filter>
    </ClCompile>
    <ClCompile Include="..\..\src\SBuffer.cpp">
      <Filter>源文件</Filter>
    </ClCompile>
    <ClCompile Include="..\..\src\SCom.cpp">
      <Filter>源文件</Filter>
    </ClCompile>
    <ClCompile Include="..\..\src\db\SDatabase.cpp">
      <Filter>源文件</Filter>
    </ClCompile>
    <ClCompile Include="..\..\src\db\SDatabaseOper.cpp">
      <Filter>源文件</Filter>
    </ClCompile>
    <ClCompile Include="..\..\src\SDateTime.cpp">
      <Filter>源文件</Filter>
    </ClCompile>
    <ClCompile Include="..\..\src\SFile.cpp">
      <Filter>源文件</Filter>
    </ClCompile>
    <ClCompile Include="..\..\src\SIniFile.cpp">
      <Filter>源文件</Filter>
    </ClCompile>
    <ClCompile Include="..\..\src\SLock.cpp">
      <Filter>源文件</Filter>
    </ClCompile>
    <ClCompile Include="..\..\src\SLog.cpp">
      <Filter>源文件</Filter>
    </ClCompile>
    <ClCompile Include="..\..\src\SObject.cpp">
      <Filter>源文件</Filter>
    </ClCompile>
    <ClCompile Include="..\..\src\SSaxXml.cpp">
      <Filter>源文件</Filter>
    </ClCompile>
    <ClCompile Include="..\..\src\SService.cpp">
      <Filter>源文件</Filter>
    </ClCompile>
    <ClCompile Include="..\..\src\SSocket.cpp">
      <Filter>源文件</Filter>
    </ClCompile>
    <ClCompile Include="..\..\src\SString.cpp">
      <Filter>源文件</Filter>
    </ClCompile>
    <ClCompile Include="..\..\src\comm\STcpClientBase.cpp">
      <Filter>源文件</Filter>
    </ClCompile>
    <ClCompile Include="..\..\src\comm\STcpCommBase.cpp">
      <Filter>源文件</Filter>
    </ClCompile>
    <ClCompile Include="..\..\src\comm\STcpServerBase.cpp">
      <Filter>源文件</Filter>
    </ClCompile>
    <ClCompile Include="..\..\src\SXmlConfig.cpp">
      <Filter>源文件</Filter>
    </ClCompile>
    <ClCompile Include="..\..\src\SWait.cpp">
      <Filter>源文件</Filter>
    </ClCompile>
    <ClCompile Include="..\..\src\SUnitTest.cpp">
      <Filter>源文件</Filter>
    </ClCompile>
    <ClCompile Include="..\..\src\SChinesePy.cpp">
      <Filter>源文件</Filter>
    </ClCompile>
    <ClCompile Include="..\..\src\SNtp.cpp">
      <Filter>源文件</Filter>
    </ClCompile>
    <ClCompile Include="..\..\src\SJson.cpp">
      <Filter>源文件</Filter>
    </ClCompile>
    <ClCompile Include="..\..\src\SHardwareInfo.cpp">
      <Filter>源文件</Filter>
    </ClCompile>
  </ItemGroup>
  <ItemGroup>
    <ClInclude Include="..\..\include\SApi.h">
      <Filter>头文件</Filter>
    </ClInclude>
    <ClInclude Include="..\..\include\SApplication.h">
      <Filter>头文件</Filter>
    </ClInclude>
    <ClInclude Include="..\..\include\SBaseConfig.h">
      <Filter>头文件</Filter>
    </ClInclude>
    <ClInclude Include="..\..\include\SBuffer.h">
      <Filter>头文件</Filter>
    </ClInclude>
    <ClInclude Include="..\..\include\SCom.h">
      <Filter>头文件</Filter>
    </ClInclude>
    <ClInclude Include="..\..\include\db\SDatabase.h">
      <Filter>头文件</Filter>
    </ClInclude>
    <ClInclude Include="..\..\include\db\SDatabaseOper.h">
      <Filter>头文件</Filter>
    </ClInclude>
    <ClInclude Include="..\..\include\SDateTime.h">
      <Filter>头文件</Filter>
    </ClInclude>
    <ClInclude Include="..\..\include\SDbf.h">
      <Filter>头文件</Filter>
    </ClInclude>
    <ClInclude Include="..\..\include\SFile.h">
      <Filter>头文件</Filter>
    </ClInclude>
    <ClInclude Include="..\..\include\SHash.h">
      <Filter>头文件</Filter>
    </ClInclude>
    <ClInclude Include="..\..\include\SInclude.h">
      <Filter>头文件</Filter>
    </ClInclude>
    <ClInclude Include="..\..\include\SIniFile.h">
      <Filter>头文件</Filter>
    </ClInclude>
    <ClInclude Include="..\..\include\SKeyList.h">
      <Filter>头文件</Filter>
    </ClInclude>
    <ClInclude Include="..\..\include\SList.h">
      <Filter>头文件</Filter>
    </ClInclude>
    <ClInclude Include="..\..\include\SLock.h">
      <Filter>头文件</Filter>
    </ClInclude>
    <ClInclude Include="..\..\include\SLog.h">
      <Filter>头文件</Filter>
    </ClInclude>
    <ClInclude Include="..\..\include\SObject.h">
      <Filter>头文件</Filter>
    </ClInclude>
    <ClInclude Include="..\..\include\SRing.h">
      <Filter>头文件</Filter>
    </ClInclude>
    <ClInclude Include="..\..\include\SSaxXml.h">
      <Filter>头文件</Filter>
    </ClInclude>
    <ClInclude Include="..\..\include\SService.h">
      <Filter>头文件</Filter>
    </ClInclude>
    <ClInclude Include="..\..\include\SSocket.h">
      <Filter>头文件</Filter>
    </ClInclude>
    <ClInclude Include="..\..\include\SStack.h">
      <Filter>头文件</Filter>
    </ClInclude>
    <ClInclude Include="..\..\include\SString.h">
      <Filter>头文件</Filter>
    </ClInclude>
    <ClInclude Include="..\..\include\comm\STcpClientBase.h">
      <Filter>头文件</Filter>
    </ClInclude>
    <ClInclude Include="..\..\include\comm\STcpCommBase.h">
      <Filter>头文件</Filter>
    </ClInclude>
    <ClInclude Include="..\..\include\comm\STcpServerBase.h">
      <Filter>头文件</Filter>
    </ClInclude>
    <ClInclude Include="..\..\include\SType.h">
      <Filter>头文件</Filter>
    </ClInclude>
    <ClInclude Include="..\..\include\SWait.h">
      <Filter>头文件</Filter>
    </ClInclude>
    <ClInclude Include="..\..\include\SXmlConfig.h">
      <Filter>头文件</Filter>
    </ClInclude>
    <ClInclude Include="targetver.h">
      <Filter>头文件</Filter>
    </ClInclude>
    <ClInclude Include="..\..\include\SUnitTest.h">
      <Filter>头文件</Filter>
    </ClInclude>
    <ClInclude Include="..\..\include\SChinesePy.h">
      <Filter>头文件</Filter>
    </ClInclude>
    <ClInclude Include="..\..\include\SNtp.h">
      <Filter>头文件</Filter>
    </ClInclude>
    <ClInclude Include="..\..\include\SJson.h">
      <Filter>头文件</Filter>
    </ClInclude>
    <ClInclude Include="..\..\src\SHardwareInfo.h">
      <Filter>头文件</Filter>
    </ClInclude>
  </ItemGroup>
  <ItemGroup>
    <None Include="ReadMe.txt" />
    <None Include="sbase.def">
      <Filter>源文件</Filter>
    </None>
  </ItemGroup>
</Project>