
Microsoft Visual Studio Solution File, Format Version 11.00
# Visual Studio 2010
Project("{2150E333-8FDC-42A3-9474-1A3956D46DE8}") = "test", "test", "{A142287A-F0C6-4316-B387-D0D045609194}"
EndProject
Project("{8BC9CEB8-8B4A-11D0-8D11-00A0C91BC942}") = "sbase", "sbase.vcxproj", "{BEF03316-F24E-4DF4-A5CF-08114D2D7AD7}"
EndProject
Project("{8BC9CEB8-8B4A-11D0-8D11-00A0C91BC942}") = "sbase_rawsock", "sbase_rawsock\sbase_rawsock.vcxproj", "{65195394-30D9-487E-8DAA-B321EAC18418}"
EndProject
Project("{8BC9CEB8-8B4A-11D0-8D11-00A0C91BC942}") = "sbase_mdb", "sbase_mdb\sbase_mdb.vcxproj", "{3CADAAF8-4BD7-49B0-B92D-D32D7DAE73D7}"
EndProject
Project("{8BC9CEB8-8B4A-11D0-8D11-00A0C91BC942}") = "sbase_qtgui", "sbase_qtgui\sbase_qtgui.vcxproj", "{EDDE6D11-159C-4FDB-9ABD-C0D7611D34BF}"
EndProject
Project("{8BC9CEB8-8B4A-11D0-8D11-00A0C91BC942}") = "sbase_escprint", "sbase_escprint\sbase_escprint.vcxproj", "{76CA5050-B2AE-45E7-80C0-AB58AAB6BC07}"
EndProject
Project("{8BC9CEB8-8B4A-11D0-8D11-00A0C91BC942}") = "sbase_pgsql", "sbase_pgsql\sbase_pgsql.vcxproj", "{DCA667ED-B060-45A7-A9C1-C8BC30FE6E84}"
EndProject
Project("{8BC9CEB8-8B4A-11D0-8D11-00A0C91BC942}") = "sbase_mysql", "sbase_mysql\sbase_mysql.vcxproj", "{105682B5-6825-4B81-BF7C-8D9EF0809910}"
EndProject
Project("{8BC9CEB8-8B4A-11D0-8D11-00A0C91BC942}") = "sbase_oracle", "sbase_oracle\sbase_oracle.vcxproj", "{89B2C9F2-4977-488C-B4B1-600690E4B8B3}"
EndProject
Project("{8BC9CEB8-8B4A-11D0-8D11-00A0C91BC942}") = "sbase_zip", "sbase_zip\sbase_zip.vcxproj", "{62847BCC-6B35-4864-B6F5-17D2A0590634}"
EndProject
Project("{8BC9CEB8-8B4A-11D0-8D11-00A0C91BC942}") = "test_sbase", "test\test_sbase\test_sbase.vcxproj", "{A32D8D73-363E-4BA2-A5DB-3DCC357EA6A7}"
	ProjectSection(ProjectDependencies) = postProject
		{F16255E1-55CC-4402-AF3D-A0684D129836} = {F16255E1-55CC-4402-AF3D-A0684D129836}
	EndProjectSection
EndProject
Project("{8BC9CEB8-8B4A-11D0-8D11-00A0C91BC942}") = "sbase_decode", "sbase_decode\sbase_decode.vcxproj", "{F16255E1-55CC-4402-AF3D-A0684D129836}"
	ProjectSection(ProjectDependencies) = postProject
		{BEF03316-F24E-4DF4-A5CF-08114D2D7AD7} = {BEF03316-F24E-4DF4-A5CF-08114D2D7AD7}
	EndProjectSection
EndProject
Project("{8BC9CEB8-8B4A-11D0-8D11-00A0C91BC942}") = "test_svg", "test_svg\test_svg.vcxproj", "{0DA0E1E8-268B-4B71-B263-1BE6DE4BA892}"
	ProjectSection(ProjectDependencies) = postProject
		{EDDE6D11-159C-4FDB-9ABD-C0D7611D34BF} = {EDDE6D11-159C-4FDB-9ABD-C0D7611D34BF}
	EndProjectSection
EndProject
Project("{8BC9CEB8-8B4A-11D0-8D11-00A0C91BC942}") = "ssp_tester", "..\ssp_tester\ssp_tester.vcxproj", "{C795E7F4-EA22-41F8-94CF-FAE53E3D10CA}"
	ProjectSection(ProjectDependencies) = postProject
		{BEF03316-F24E-4DF4-A5CF-08114D2D7AD7} = {BEF03316-F24E-4DF4-A5CF-08114D2D7AD7}
		{105682B5-6825-4B81-BF7C-8D9EF0809910} = {105682B5-6825-4B81-BF7C-8D9EF0809910}
		{3CADAAF8-4BD7-49B0-B92D-D32D7DAE73D7} = {3CADAAF8-4BD7-49B0-B92D-D32D7DAE73D7}
	EndProjectSection
EndProject
Project("{8BC9CEB8-8B4A-11D0-8D11-00A0C91BC942}") = "sys_tester", "..\sys_tester\sys_tester.vcxproj", "{4045375D-5ED7-4C07-8847-CF15AB7AB4B2}"
	ProjectSection(ProjectDependencies) = postProject
		{BEF03316-F24E-4DF4-A5CF-08114D2D7AD7} = {BEF03316-F24E-4DF4-A5CF-08114D2D7AD7}
		{65195394-30D9-487E-8DAA-B321EAC18418} = {65195394-30D9-487E-8DAA-B321EAC18418}
		{89B2C9F2-4977-488C-B4B1-600690E4B8B3} = {89B2C9F2-4977-488C-B4B1-600690E4B8B3}
	EndProjectSection
EndProject
Project("{8BC9CEB8-8B4A-11D0-8D11-00A0C91BC942}") = "test2", "..\test2\test2.vcxproj", "{3943885A-86EC-45D7-B3BE-531D9BFF04A8}"
	ProjectSection(ProjectDependencies) = postProject
		{15FF0D4C-A89A-4C3E-8C84-1F076E85E980} = {15FF0D4C-A89A-4C3E-8C84-1F076E85E980}
	EndProjectSection
EndProject
Project("{8BC9CEB8-8B4A-11D0-8D11-00A0C91BC942}") = "pas_diskinfo", "pas_diskinfo\pas_diskinfo.vcxproj", "{3AFF4754-B6F0-93E1-3D12-2FBC898B72ED}"
EndProject
Project("{8BC9CEB8-8B4A-11D0-8D11-00A0C91BC942}") = "sys_mdb", "..\..\..\SSP01\common\sys_mdb\sys_mdb.vcxproj", "{7DFE91EE-D733-41EF-8703-A72C687349A7}"
EndProject
Project("{8BC9CEB8-8B4A-11D0-8D11-00A0C91BC942}") = "sbase_odbc", "sbase_odbc\sbase_odbc.vcxproj", "{15FF0D4C-A89A-4C3E-8C84-1F076E85E980}"
EndProject
Project("{8BC9CEB8-8B4A-11D0-8D11-00A0C91BC942}") = "test_svn", "..\test_svn\test_svn.vcxproj", "{A4B7BA45-318A-4E44-8E06-2AD3000251ED}"
EndProject
Global
	GlobalSection(SolutionConfigurationPlatforms) = preSolution
		Debug|Win32 = Debug|Win32
		Debug|x64 = Debug|x64
		Release|Win32 = Release|Win32
		Release|x64 = Release|x64
	EndGlobalSection
	GlobalSection(ProjectConfigurationPlatforms) = postSolution
		{BEF03316-F24E-4DF4-A5CF-08114D2D7AD7}.Debug|Win32.ActiveCfg = Debug|Win32
		{BEF03316-F24E-4DF4-A5CF-08114D2D7AD7}.Debug|Win32.Build.0 = Debug|Win32
		{BEF03316-F24E-4DF4-A5CF-08114D2D7AD7}.Debug|x64.ActiveCfg = Debug|x64
		{BEF03316-F24E-4DF4-A5CF-08114D2D7AD7}.Debug|x64.Build.0 = Debug|x64
		{BEF03316-F24E-4DF4-A5CF-08114D2D7AD7}.Release|Win32.ActiveCfg = Release|Win32
		{BEF03316-F24E-4DF4-A5CF-08114D2D7AD7}.Release|Win32.Build.0 = Release|Win32
		{BEF03316-F24E-4DF4-A5CF-08114D2D7AD7}.Release|x64.ActiveCfg = Release|x64
		{BEF03316-F24E-4DF4-A5CF-08114D2D7AD7}.Release|x64.Build.0 = Release|x64
		{65195394-30D9-487E-8DAA-B321EAC18418}.Debug|Win32.ActiveCfg = Debug|Win32
		{65195394-30D9-487E-8DAA-B321EAC18418}.Debug|Win32.Build.0 = Debug|Win32
		{65195394-30D9-487E-8DAA-B321EAC18418}.Debug|x64.ActiveCfg = Debug|x64
		{65195394-30D9-487E-8DAA-B321EAC18418}.Debug|x64.Build.0 = Debug|x64
		{65195394-30D9-487E-8DAA-B321EAC18418}.Release|Win32.ActiveCfg = Release|Win32
		{65195394-30D9-487E-8DAA-B321EAC18418}.Release|Win32.Build.0 = Release|Win32
		{65195394-30D9-487E-8DAA-B321EAC18418}.Release|x64.ActiveCfg = Release|x64
		{65195394-30D9-487E-8DAA-B321EAC18418}.Release|x64.Build.0 = Release|x64
		{3CADAAF8-4BD7-49B0-B92D-D32D7DAE73D7}.Debug|Win32.ActiveCfg = Debug|Win32
		{3CADAAF8-4BD7-49B0-B92D-D32D7DAE73D7}.Debug|Win32.Build.0 = Debug|Win32
		{3CADAAF8-4BD7-49B0-B92D-D32D7DAE73D7}.Debug|x64.ActiveCfg = Debug|x64
		{3CADAAF8-4BD7-49B0-B92D-D32D7DAE73D7}.Debug|x64.Build.0 = Debug|x64
		{3CADAAF8-4BD7-49B0-B92D-D32D7DAE73D7}.Release|Win32.ActiveCfg = Release|Win32
		{3CADAAF8-4BD7-49B0-B92D-D32D7DAE73D7}.Release|Win32.Build.0 = Release|Win32
		{3CADAAF8-4BD7-49B0-B92D-D32D7DAE73D7}.Release|x64.ActiveCfg = Release|x64
		{3CADAAF8-4BD7-49B0-B92D-D32D7DAE73D7}.Release|x64.Build.0 = Release|x64
		{EDDE6D11-159C-4FDB-9ABD-C0D7611D34BF}.Debug|Win32.ActiveCfg = Debug|Win32
		{EDDE6D11-159C-4FDB-9ABD-C0D7611D34BF}.Debug|Win32.Build.0 = Debug|Win32
		{EDDE6D11-159C-4FDB-9ABD-C0D7611D34BF}.Debug|x64.ActiveCfg = Debug|x64
		{EDDE6D11-159C-4FDB-9ABD-C0D7611D34BF}.Debug|x64.Build.0 = Debug|x64
		{EDDE6D11-159C-4FDB-9ABD-C0D7611D34BF}.Release|Win32.ActiveCfg = Release|Win32
		{EDDE6D11-159C-4FDB-9ABD-C0D7611D34BF}.Release|Win32.Build.0 = Release|Win32
		{EDDE6D11-159C-4FDB-9ABD-C0D7611D34BF}.Release|x64.ActiveCfg = Release|x64
		{EDDE6D11-159C-4FDB-9ABD-C0D7611D34BF}.Release|x64.Build.0 = Release|x64
		{76CA5050-B2AE-45E7-80C0-AB58AAB6BC07}.Debug|Win32.ActiveCfg = Debug|Win32
		{76CA5050-B2AE-45E7-80C0-AB58AAB6BC07}.Debug|Win32.Build.0 = Debug|Win32
		{76CA5050-B2AE-45E7-80C0-AB58AAB6BC07}.Debug|x64.ActiveCfg = Debug|x64
		{76CA5050-B2AE-45E7-80C0-AB58AAB6BC07}.Debug|x64.Build.0 = Debug|x64
		{76CA5050-B2AE-45E7-80C0-AB58AAB6BC07}.Release|Win32.ActiveCfg = Release|Win32
		{76CA5050-B2AE-45E7-80C0-AB58AAB6BC07}.Release|Win32.Build.0 = Release|Win32
		{76CA5050-B2AE-45E7-80C0-AB58AAB6BC07}.Release|x64.ActiveCfg = Release|x64
		{76CA5050-B2AE-45E7-80C0-AB58AAB6BC07}.Release|x64.Build.0 = Release|x64
		{DCA667ED-B060-45A7-A9C1-C8BC30FE6E84}.Debug|Win32.ActiveCfg = Debug|Win32
		{DCA667ED-B060-45A7-A9C1-C8BC30FE6E84}.Debug|Win32.Build.0 = Debug|Win32
		{DCA667ED-B060-45A7-A9C1-C8BC30FE6E84}.Debug|x64.ActiveCfg = Debug|Win32
		{DCA667ED-B060-45A7-A9C1-C8BC30FE6E84}.Release|Win32.ActiveCfg = Release|Win32
		{DCA667ED-B060-45A7-A9C1-C8BC30FE6E84}.Release|Win32.Build.0 = Release|Win32
		{DCA667ED-B060-45A7-A9C1-C8BC30FE6E84}.Release|x64.ActiveCfg = Release|Win32
		{105682B5-6825-4B81-BF7C-8D9EF0809910}.Debug|Win32.ActiveCfg = Debug|Win32
		{105682B5-6825-4B81-BF7C-8D9EF0809910}.Debug|Win32.Build.0 = Debug|Win32
		{105682B5-6825-4B81-BF7C-8D9EF0809910}.Debug|x64.ActiveCfg = Debug|x64
		{105682B5-6825-4B81-BF7C-8D9EF0809910}.Debug|x64.Build.0 = Debug|x64
		{105682B5-6825-4B81-BF7C-8D9EF0809910}.Release|Win32.ActiveCfg = Release|Win32
		{105682B5-6825-4B81-BF7C-8D9EF0809910}.Release|Win32.Build.0 = Release|Win32
		{105682B5-6825-4B81-BF7C-8D9EF0809910}.Release|x64.ActiveCfg = Release|x64
		{105682B5-6825-4B81-BF7C-8D9EF0809910}.Release|x64.Build.0 = Release|x64
		{89B2C9F2-4977-488C-B4B1-600690E4B8B3}.Debug|Win32.ActiveCfg = Debug|Win32
		{89B2C9F2-4977-488C-B4B1-600690E4B8B3}.Debug|Win32.Build.0 = Debug|Win32
		{89B2C9F2-4977-488C-B4B1-600690E4B8B3}.Debug|x64.ActiveCfg = Debug|x64
		{89B2C9F2-4977-488C-B4B1-600690E4B8B3}.Debug|x64.Build.0 = Debug|x64
		{89B2C9F2-4977-488C-B4B1-600690E4B8B3}.Release|Win32.ActiveCfg = Release|Win32
		{89B2C9F2-4977-488C-B4B1-600690E4B8B3}.Release|Win32.Build.0 = Release|Win32
		{89B2C9F2-4977-488C-B4B1-600690E4B8B3}.Release|x64.ActiveCfg = Release|x64
		{89B2C9F2-4977-488C-B4B1-600690E4B8B3}.Release|x64.Build.0 = Release|x64
		{62847BCC-6B35-4864-B6F5-17D2A0590634}.Debug|Win32.ActiveCfg = Debug|Win32
		{62847BCC-6B35-4864-B6F5-17D2A0590634}.Debug|Win32.Build.0 = Debug|Win32
		{62847BCC-6B35-4864-B6F5-17D2A0590634}.Debug|x64.ActiveCfg = Debug|x64
		{62847BCC-6B35-4864-B6F5-17D2A0590634}.Debug|x64.Build.0 = Debug|x64
		{62847BCC-6B35-4864-B6F5-17D2A0590634}.Release|Win32.ActiveCfg = Release|Win32
		{62847BCC-6B35-4864-B6F5-17D2A0590634}.Release|Win32.Build.0 = Release|Win32
		{62847BCC-6B35-4864-B6F5-17D2A0590634}.Release|x64.ActiveCfg = Release|x64
		{62847BCC-6B35-4864-B6F5-17D2A0590634}.Release|x64.Build.0 = Release|x64
		{A32D8D73-363E-4BA2-A5DB-3DCC357EA6A7}.Debug|Win32.ActiveCfg = Debug|Win32
		{A32D8D73-363E-4BA2-A5DB-3DCC357EA6A7}.Debug|Win32.Build.0 = Debug|Win32
		{A32D8D73-363E-4BA2-A5DB-3DCC357EA6A7}.Debug|x64.ActiveCfg = Debug|x64
		{A32D8D73-363E-4BA2-A5DB-3DCC357EA6A7}.Debug|x64.Build.0 = Debug|x64
		{A32D8D73-363E-4BA2-A5DB-3DCC357EA6A7}.Release|Win32.ActiveCfg = Release|Win32
		{A32D8D73-363E-4BA2-A5DB-3DCC357EA6A7}.Release|Win32.Build.0 = Release|Win32
		{A32D8D73-363E-4BA2-A5DB-3DCC357EA6A7}.Release|x64.ActiveCfg = Release|x64
		{A32D8D73-363E-4BA2-A5DB-3DCC357EA6A7}.Release|x64.Build.0 = Release|x64
		{F16255E1-55CC-4402-AF3D-A0684D129836}.Debug|Win32.ActiveCfg = Debug|Win32
		{F16255E1-55CC-4402-AF3D-A0684D129836}.Debug|Win32.Build.0 = Debug|Win32
		{F16255E1-55CC-4402-AF3D-A0684D129836}.Debug|x64.ActiveCfg = Debug|Win32
		{F16255E1-55CC-4402-AF3D-A0684D129836}.Release|Win32.ActiveCfg = Release|Win32
		{F16255E1-55CC-4402-AF3D-A0684D129836}.Release|Win32.Build.0 = Release|Win32
		{F16255E1-55CC-4402-AF3D-A0684D129836}.Release|x64.ActiveCfg = Release|Win32
		{0DA0E1E8-268B-4B71-B263-1BE6DE4BA892}.Debug|Win32.ActiveCfg = Debug|Win32
		{0DA0E1E8-268B-4B71-B263-1BE6DE4BA892}.Debug|Win32.Build.0 = Debug|Win32
		{0DA0E1E8-268B-4B71-B263-1BE6DE4BA892}.Debug|x64.ActiveCfg = Debug|x64
		{0DA0E1E8-268B-4B71-B263-1BE6DE4BA892}.Debug|x64.Build.0 = Debug|x64
		{0DA0E1E8-268B-4B71-B263-1BE6DE4BA892}.Release|Win32.ActiveCfg = Release|Win32
		{0DA0E1E8-268B-4B71-B263-1BE6DE4BA892}.Release|Win32.Build.0 = Release|Win32
		{0DA0E1E8-268B-4B71-B263-1BE6DE4BA892}.Release|x64.ActiveCfg = Release|x64
		{0DA0E1E8-268B-4B71-B263-1BE6DE4BA892}.Release|x64.Build.0 = Release|x64
		{C795E7F4-EA22-41F8-94CF-FAE53E3D10CA}.Debug|Win32.ActiveCfg = Debug|Win32
		{C795E7F4-EA22-41F8-94CF-FAE53E3D10CA}.Debug|Win32.Build.0 = Debug|Win32
		{C795E7F4-EA22-41F8-94CF-FAE53E3D10CA}.Debug|x64.ActiveCfg = Debug|x64
		{C795E7F4-EA22-41F8-94CF-FAE53E3D10CA}.Debug|x64.Build.0 = Debug|x64
		{C795E7F4-EA22-41F8-94CF-FAE53E3D10CA}.Release|Win32.ActiveCfg = Release|Win32
		{C795E7F4-EA22-41F8-94CF-FAE53E3D10CA}.Release|Win32.Build.0 = Release|Win32
		{C795E7F4-EA22-41F8-94CF-FAE53E3D10CA}.Release|x64.ActiveCfg = Release|x64
		{C795E7F4-EA22-41F8-94CF-FAE53E3D10CA}.Release|x64.Build.0 = Release|x64
		{4045375D-5ED7-4C07-8847-CF15AB7AB4B2}.Debug|Win32.ActiveCfg = Debug|Win32
		{4045375D-5ED7-4C07-8847-CF15AB7AB4B2}.Debug|Win32.Build.0 = Debug|Win32
		{4045375D-5ED7-4C07-8847-CF15AB7AB4B2}.Debug|x64.ActiveCfg = Debug|x64
		{4045375D-5ED7-4C07-8847-CF15AB7AB4B2}.Debug|x64.Build.0 = Debug|x64
		{4045375D-5ED7-4C07-8847-CF15AB7AB4B2}.Release|Win32.ActiveCfg = Release|Win32
		{4045375D-5ED7-4C07-8847-CF15AB7AB4B2}.Release|Win32.Build.0 = Release|Win32
		{4045375D-5ED7-4C07-8847-CF15AB7AB4B2}.Release|x64.ActiveCfg = Release|x64
		{4045375D-5ED7-4C07-8847-CF15AB7AB4B2}.Release|x64.Build.0 = Release|x64
		{3943885A-86EC-45D7-B3BE-531D9BFF04A8}.Debug|Win32.ActiveCfg = Debug|Win32
		{3943885A-86EC-45D7-B3BE-531D9BFF04A8}.Debug|Win32.Build.0 = Debug|Win32
		{3943885A-86EC-45D7-B3BE-531D9BFF04A8}.Debug|x64.ActiveCfg = Debug|x64
		{3943885A-86EC-45D7-B3BE-531D9BFF04A8}.Debug|x64.Build.0 = Debug|x64
		{3943885A-86EC-45D7-B3BE-531D9BFF04A8}.Release|Win32.ActiveCfg = Release|Win32
		{3943885A-86EC-45D7-B3BE-531D9BFF04A8}.Release|Win32.Build.0 = Release|Win32
		{3943885A-86EC-45D7-B3BE-531D9BFF04A8}.Release|x64.ActiveCfg = Release|x64
		{3943885A-86EC-45D7-B3BE-531D9BFF04A8}.Release|x64.Build.0 = Release|x64
		{3AFF4754-B6F0-93E1-3D12-2FBC898B72ED}.Debug|Win32.ActiveCfg = Debug|Win32
		{3AFF4754-B6F0-93E1-3D12-2FBC898B72ED}.Debug|Win32.Build.0 = Debug|Win32
		{3AFF4754-B6F0-93E1-3D12-2FBC898B72ED}.Debug|x64.ActiveCfg = Debug|x64
		{3AFF4754-B6F0-93E1-3D12-2FBC898B72ED}.Debug|x64.Build.0 = Debug|x64
		{3AFF4754-B6F0-93E1-3D12-2FBC898B72ED}.Release|Win32.ActiveCfg = Release|Win32
		{3AFF4754-B6F0-93E1-3D12-2FBC898B72ED}.Release|Win32.Build.0 = Release|Win32
		{3AFF4754-B6F0-93E1-3D12-2FBC898B72ED}.Release|x64.ActiveCfg = Release|x64
		{3AFF4754-B6F0-93E1-3D12-2FBC898B72ED}.Release|x64.Build.0 = Release|x64
		{7DFE91EE-D733-41EF-8703-A72C687349A7}.Debug|Win32.ActiveCfg = Debug|Win32
		{7DFE91EE-D733-41EF-8703-A72C687349A7}.Debug|Win32.Build.0 = Debug|Win32
		{7DFE91EE-D733-41EF-8703-A72C687349A7}.Debug|x64.ActiveCfg = Debug|x64
		{7DFE91EE-D733-41EF-8703-A72C687349A7}.Debug|x64.Build.0 = Debug|x64
		{7DFE91EE-D733-41EF-8703-A72C687349A7}.Release|Win32.ActiveCfg = Release|Win32
		{7DFE91EE-D733-41EF-8703-A72C687349A7}.Release|Win32.Build.0 = Release|Win32
		{7DFE91EE-D733-41EF-8703-A72C687349A7}.Release|x64.ActiveCfg = Release|x64
		{7DFE91EE-D733-41EF-8703-A72C687349A7}.Release|x64.Build.0 = Release|x64
		{15FF0D4C-A89A-4C3E-8C84-1F076E85E980}.Debug|Win32.ActiveCfg = Debug|Win32
		{15FF0D4C-A89A-4C3E-8C84-1F076E85E980}.Debug|Win32.Build.0 = Debug|Win32
		{15FF0D4C-A89A-4C3E-8C84-1F076E85E980}.Debug|x64.ActiveCfg = Debug|x64
		{15FF0D4C-A89A-4C3E-8C84-1F076E85E980}.Debug|x64.Build.0 = Debug|x64
		{15FF0D4C-A89A-4C3E-8C84-1F076E85E980}.Release|Win32.ActiveCfg = Release|Win32
		{15FF0D4C-A89A-4C3E-8C84-1F076E85E980}.Release|Win32.Build.0 = Release|Win32
		{15FF0D4C-A89A-4C3E-8C84-1F076E85E980}.Release|x64.ActiveCfg = Release|x64
		{15FF0D4C-A89A-4C3E-8C84-1F076E85E980}.Release|x64.Build.0 = Release|x64
		{A4B7BA45-318A-4E44-8E06-2AD3000251ED}.Debug|Win32.ActiveCfg = Debug|Win32
		{A4B7BA45-318A-4E44-8E06-2AD3000251ED}.Debug|Win32.Build.0 = Debug|Win32
		{A4B7BA45-318A-4E44-8E06-2AD3000251ED}.Debug|x64.ActiveCfg = Debug|Win32
		{A4B7BA45-318A-4E44-8E06-2AD3000251ED}.Release|Win32.ActiveCfg = Release|Win32
		{A4B7BA45-318A-4E44-8E06-2AD3000251ED}.Release|Win32.Build.0 = Release|Win32
		{A4B7BA45-318A-4E44-8E06-2AD3000251ED}.Release|x64.ActiveCfg = Release|Win32
	EndGlobalSection
	GlobalSection(SolutionProperties) = preSolution
		HideSolutionNode = FALSE
	EndGlobalSection
	GlobalSection(NestedProjects) = preSolution
		{A32D8D73-363E-4BA2-A5DB-3DCC357EA6A7} = {A142287A-F0C6-4316-B387-D0D045609194}
		{0DA0E1E8-268B-4B71-B263-1BE6DE4BA892} = {A142287A-F0C6-4316-B387-D0D045609194}
		{C795E7F4-EA22-41F8-94CF-FAE53E3D10CA} = {A142287A-F0C6-4316-B387-D0D045609194}
		{4045375D-5ED7-4C07-8847-CF15AB7AB4B2} = {A142287A-F0C6-4316-B387-D0D045609194}
		{3943885A-86EC-45D7-B3BE-531D9BFF04A8} = {A142287A-F0C6-4316-B387-D0D045609194}
		{3AFF4754-B6F0-93E1-3D12-2FBC898B72ED} = {A142287A-F0C6-4316-B387-D0D045609194}
		{A4B7BA45-318A-4E44-8E06-2AD3000251ED} = {A142287A-F0C6-4316-B387-D0D045609194}
	EndGlobalSection
EndGlobal
